// !$*UTF8*$!
{
	archiveVersion = 1;
	classes = {
	};
	objectVersion = 46;
	objects = {

/* Begin PBXBuildFile section */
		B87ABF4815FD20C4009B6608 /* CheckListItem.m in Sources */ = {isa = PBXBuildFile; fileRef = B87ABF4715FD20C4009B6608 /* CheckListItem.m */; };
		B886845815FCBB10009D49C1 /* UIKit.framework in Frameworks */ = {isa = PBXBuildFile; fileRef = B886845715FCBB10009D49C1 /* UIKit.framework */; };
		B886845A15FCBB10009D49C1 /* Foundation.framework in Frameworks */ = {isa = PBXBuildFile; fileRef = B886845915FCBB10009D49C1 /* Foundation.framework */; };
		B886845C15FCBB10009D49C1 /* CoreGraphics.framework in Frameworks */ = {isa = PBXBuildFile; fileRef = B886845B15FCBB10009D49C1 /* CoreGraphics.framework */; };
		B886846215FCBB10009D49C1 /* InfoPlist.strings in Resources */ = {isa = PBXBuildFile; fileRef = B886846015FCBB10009D49C1 /* InfoPlist.strings */; };
		B886846415FCBB10009D49C1 /* main.m in Sources */ = {isa = PBXBuildFile; fileRef = B886846315FCBB10009D49C1 /* main.m */; };
		B886846815FCBB10009D49C1 /* AppDelegate.m in Sources */ = {isa = PBXBuildFile; fileRef = B886846715FCBB10009D49C1 /* AppDelegate.m */; };
		B886846B15FCBB10009D49C1 /* MainStoryboard.storyboard in Resources */ = {isa = PBXBuildFile; fileRef = B886846915FCBB10009D49C1 /* MainStoryboard.storyboard */; };
		B886846E15FCBB10009D49C1 /* CheckListViewController.m in Sources */ = {isa = PBXBuildFile; fileRef = B886846D15FCBB10009D49C1 /* CheckListViewController.m */; };
		B8E05202160737BA0049F23A /* CheckList.m in Sources */ = {isa = PBXBuildFile; fileRef = B8E05201160737BA0049F23A /* CheckList.m */; };
		B8E052051607381D0049F23A /* AllListsViewController.m in Sources */ = {isa = PBXBuildFile; fileRef = B8E052041607381D0049F23A /* AllListsViewController.m */; };
		B8F0F4E51607895800DE6359 /* DetailListViewController.m in Sources */ = {isa = PBXBuildFile; fileRef = B8F0F4E41607895800DE6359 /* DetailListViewController.m */; };
		B8F0F4EB1607A1E100DE6359 /* DataModel.m in Sources */ = {isa = PBXBuildFile; fileRef = B8F0F4EA1607A1E100DE6359 /* DataModel.m */; };
		B8F52DDB15FFCA9C0001F1DF /* DetailItemViewController.m in Sources */ = {isa = PBXBuildFile; fileRef = B8F52DDA15FFCA9C0001F1DF /* DetailItemViewController.m */; };
/* End PBXBuildFile section */

/* Begin PBXFileReference section */
		B87ABF4615FD20C4009B6608 /* CheckListItem.h */ = {isa = PBXFileReference; fileEncoding = 4; lastKnownFileType = sourcecode.c.h; path = CheckListItem.h; sourceTree = "<group>"; };
		B87ABF4715FD20C4009B6608 /* CheckListItem.m */ = {isa = PBXFileReference; fileEncoding = 4; lastKnownFileType = sourcecode.c.objc; path = CheckListItem.m; sourceTree = "<group>"; };
		B886845315FCBB10009D49C1 /* ToDo.app */ = {isa = PBXFileReference; explicitFileType = wrapper.application; includeInIndex = 0; path = ToDo.app; sourceTree = BUILT_PRODUCTS_DIR; };
		B886845715FCBB10009D49C1 /* UIKit.framework */ = {isa = PBXFileReference; lastKnownFileType = wrapper.framework; name = UIKit.framework; path = System/Library/Frameworks/UIKit.framework; sourceTree = SDKROOT; };
		B886845915FCBB10009D49C1 /* Foundation.framework */ = {isa = PBXFileReference; lastKnownFileType = wrapper.framework; name = Foundation.framework; path = System/Library/Frameworks/Foundation.framework; sourceTree = SDKROOT; };
		B886845B15FCBB10009D49C1 /* CoreGraphics.framework */ = {isa = PBXFileReference; lastKnownFileType = wrapper.framework; name = CoreGraphics.framework; path = System/Library/Frameworks/CoreGraphics.framework; sourceTree = SDKROOT; };
		B886845F15FCBB10009D49C1 /* ToDo-Info.plist */ = {isa = PBXFileReference; lastKnownFileType = text.plist.xml; path = "ToDo-Info.plist"; sourceTree = "<group>"; };
		B886846115FCBB10009D49C1 /* en */ = {isa = PBXFileReference; lastKnownFileType = text.plist.strings; name = en; path = en.lproj/InfoPlist.strings; sourceTree = "<group>"; };
		B886846315FCBB10009D49C1 /* main.m */ = {isa = PBXFileReference; lastKnownFileType = sourcecode.c.objc; path = main.m; sourceTree = "<group>"; };
		B886846515FCBB10009D49C1 /* ToDo-Prefix.pch */ = {isa = PBXFileReference; lastKnownFileType = sourcecode.c.h; path = "ToDo-Prefix.pch"; sourceTree = "<group>"; };
		B886846615FCBB10009D49C1 /* AppDelegate.h */ = {isa = PBXFileReference; lastKnownFileType = sourcecode.c.h; path = AppDelegate.h; sourceTree = "<group>"; };
		B886846715FCBB10009D49C1 /* AppDelegate.m */ = {isa = PBXFileReference; lastKnownFileType = sourcecode.c.objc; path = AppDelegate.m; sourceTree = "<group>"; };
		B886846A15FCBB10009D49C1 /* en */ = {isa = PBXFileReference; lastKnownFileType = file.storyboard; name = en; path = en.lproj/MainStoryboard.storyboard; sourceTree = "<group>"; };
		B886846C15FCBB10009D49C1 /* CheckListViewController.h */ = {isa = PBXFileReference; lastKnownFileType = sourcecode.c.h; path = CheckListViewController.h; sourceTree = "<group>"; };
		B886846D15FCBB10009D49C1 /* CheckListViewController.m */ = {isa = PBXFileReference; lastKnownFileType = sourcecode.c.objc; path = CheckListViewController.m; sourceTree = "<group>"; };
		B8E05200160737BA0049F23A /* CheckList.h */ = {isa = PBXFileReference; fileEncoding = 4; lastKnownFileType = sourcecode.c.h; path = CheckList.h; sourceTree = "<group>"; };
		B8E05201160737BA0049F23A /* CheckList.m */ = {isa = PBXFileReference; fileEncoding = 4; lastKnownFileType = sourcecode.c.objc; path = CheckList.m; sourceTree = "<group>"; };
		B8E052031607381D0049F23A /* AllListsViewController.h */ = {isa = PBXFileReference; fileEncoding = 4; lastKnownFileType = sourcecode.c.h; path = AllListsViewController.h; sourceTree = "<group>"; };
		B8E052041607381D0049F23A /* AllListsViewController.m */ = {isa = PBXFileReference; fileEncoding = 4; lastKnownFileType = sourcecode.c.objc; path = AllListsViewController.m; sourceTree = "<group>"; };
		B8F0F4E31607895800DE6359 /* DetailListViewController.h */ = {isa = PBXFileReference; fileEncoding = 4; lastKnownFileType = sourcecode.c.h; path = DetailListViewController.h; sourceTree = "<group>"; };
		B8F0F4E41607895800DE6359 /* DetailListViewController.m */ = {isa = PBXFileReference; fileEncoding = 4; lastKnownFileType = sourcecode.c.objc; path = DetailListViewController.m; sourceTree = "<group>"; };
		B8F0F4E91607A1E100DE6359 /* DataModel.h */ = {isa = PBXFileReference; fileEncoding = 4; lastKnownFileType = sourcecode.c.h; path = DataModel.h; sourceTree = "<group>"; };
		B8F0F4EA1607A1E100DE6359 /* DataModel.m */ = {isa = PBXFileReference; fileEncoding = 4; lastKnownFileType = sourcecode.c.objc; path = DataModel.m; sourceTree = "<group>"; };
		B8F52DD915FFCA9C0001F1DF /* DetailItemViewController.h */ = {isa = PBXFileReference; fileEncoding = 4; lastKnownFileType = sourcecode.c.h; path = DetailItemViewController.h; sourceTree = "<group>"; };
		B8F52DDA15FFCA9C0001F1DF /* DetailItemViewController.m */ = {isa = PBXFileReference; fileEncoding = 4; lastKnownFileType = sourcecode.c.objc; path = DetailItemViewController.m; sourceTree = "<group>"; };
/* End PBXFileReference section */

/* Begin PBXFrameworksBuildPhase section */
		B886845015FCBB10009D49C1 /* Frameworks */ = {
			isa = PBXFrameworksBuildPhase;
			buildActionMask = 2147483647;
			files = (
				B886845815FCBB10009D49C1 /* UIKit.framework in Frameworks */,
				B886845A15FCBB10009D49C1 /* Foundation.framework in Frameworks */,
				B886845C15FCBB10009D49C1 /* CoreGraphics.framework in Frameworks */,
			);
			runOnlyForDeploymentPostprocessing = 0;
		};
/* End PBXFrameworksBuildPhase section */

/* Begin PBXGroup section */
		B886844815FCBB10009D49C1 = {
			isa = PBXGroup;
			children = (
				B886845D15FCBB10009D49C1 /* ToDo */,
				B886845615FCBB10009D49C1 /* Frameworks */,
				B886845415FCBB10009D49C1 /* Products */,
			);
			sourceTree = "<group>";
		};
		B886845415FCBB10009D49C1 /* Products */ = {
			isa = PBXGroup;
			children = (
				B886845315FCBB10009D49C1 /* ToDo.app */,
			);
			name = Products;
			sourceTree = "<group>";
		};
		B886845615FCBB10009D49C1 /* Frameworks */ = {
			isa = PBXGroup;
			children = (
				B886845715FCBB10009D49C1 /* UIKit.framework */,
				B886845915FCBB10009D49C1 /* Foundation.framework */,
				B886845B15FCBB10009D49C1 /* CoreGraphics.framework */,
			);
			name = Frameworks;
			sourceTree = "<group>";
		};
		B886845D15FCBB10009D49C1 /* ToDo */ = {
			isa = PBXGroup;
			children = (
				B8F0F4E81607A0DB00DE6359 /* List */,
				B8F0F4E71607A0BA00DE6359 /* Checklist */,
				B8F52DD815FFC9EC0001F1DF /* Model */,
				B886846615FCBB10009D49C1 /* AppDelegate.h */,
				B886846715FCBB10009D49C1 /* AppDelegate.m */,
				B886846915FCBB10009D49C1 /* MainStoryboard.storyboard */,
				B886845E15FCBB10009D49C1 /* Supporting Files */,
			);
			path = ToDo;
			sourceTree = "<group>";
		};
		B886845E15FCBB10009D49C1 /* Supporting Files */ = {
			isa = PBXGroup;
			children = (
				B886845F15FCBB10009D49C1 /* ToDo-Info.plist */,
				B886846015FCBB10009D49C1 /* InfoPlist.strings */,
				B886846315FCBB10009D49C1 /* main.m */,
				B886846515FCBB10009D49C1 /* ToDo-Prefix.pch */,
			);
			name = "Supporting Files";
			sourceTree = "<group>";
		};
		B8F0F4E71607A0BA00DE6359 /* Checklist */ = {
			isa = PBXGroup;
			children = (
				B886846C15FCBB10009D49C1 /* CheckListViewController.h */,
				B886846D15FCBB10009D49C1 /* CheckListViewController.m */,
				B8F52DD915FFCA9C0001F1DF /* DetailItemViewController.h */,
				B8F52DDA15FFCA9C0001F1DF /* DetailItemViewController.m */,
			);
			name = Checklist;
			sourceTree = "<group>";
		};
		B8F0F4E81607A0DB00DE6359 /* List */ = {
			isa = PBXGroup;
			children = (
				B8E052031607381D0049F23A /* AllListsViewController.h */,
				B8E052041607381D0049F23A /* AllListsViewController.m */,
				B8F0F4E31607895800DE6359 /* DetailListViewController.h */,
				B8F0F4E41607895800DE6359 /* DetailListViewController.m */,
			);
			name = List;
			sourceTree = "<group>";
		};
		B8F52DD815FFC9EC0001F1DF /* Model */ = {
			isa = PBXGroup;
			children = (
				B87ABF4615FD20C4009B6608 /* CheckListItem.h */,
				B87ABF4715FD20C4009B6608 /* CheckListItem.m */,
				B8E05200160737BA0049F23A /* CheckList.h */,
				B8E05201160737BA0049F23A /* CheckList.m */,
				B8F0F4E91607A1E100DE6359 /* DataModel.h */,
				B8F0F4EA1607A1E100DE6359 /* DataModel.m */,
			);
			name = Model;
			sourceTree = "<group>";
		};
/* End PBXGroup section */

/* Begin PBXNativeTarget section */
		B886845215FCBB10009D49C1 /* ToDo */ = {
			isa = PBXNativeTarget;
			buildConfigurationList = B886847115FCBB10009D49C1 /* Build configuration list for PBXNativeTarget "ToDo" */;
			buildPhases = (
				B886844F15FCBB10009D49C1 /* Sources */,
				B886845015FCBB10009D49C1 /* Frameworks */,
				B886845115FCBB10009D49C1 /* Resources */,
			);
			buildRules = (
			);
			dependencies = (
			);
			name = ToDo;
			productName = ToDo;
			productReference = B886845315FCBB10009D49C1 /* ToDo.app */;
			productType = "com.apple.product-type.application";
		};
/* End PBXNativeTarget section */

/* Begin PBXProject section */
		B886844A15FCBB10009D49C1 /* Project object */ = {
			isa = PBXProject;
			attributes = {
				LastUpgradeCheck = 0440;
				ORGANIZATIONNAME = "Grégoire Jacquin";
			};
			buildConfigurationList = B886844D15FCBB10009D49C1 /* Build configuration list for PBXProject "ToDo" */;
			compatibilityVersion = "Xcode 3.2";
			developmentRegion = English;
			hasScannedForEncodings = 0;
			knownRegions = (
				en,
			);
			mainGroup = B886844815FCBB10009D49C1;
			productRefGroup = B886845415FCBB10009D49C1 /* Products */;
			projectDirPath = "";
			projectRoot = "";
			targets = (
				B886845215FCBB10009D49C1 /* ToDo */,
			);
		};
/* End PBXProject section */

/* Begin PBXResourcesBuildPhase section */
		B886845115FCBB10009D49C1 /* Resources */ = {
			isa = PBXResourcesBuildPhase;
			buildActionMask = 2147483647;
			files = (
				B886846215FCBB10009D49C1 /* InfoPlist.strings in Resources */,
				B886846B15FCBB10009D49C1 /* MainStoryboard.storyboard in Resources */,
			);
			runOnlyForDeploymentPostprocessing = 0;
		};
/* End PBXResourcesBuildPhase section */

/* Begin PBXSourcesBuildPhase section */
		B886844F15FCBB10009D49C1 /* Sources */ = {
			isa = PBXSourcesBuildPhase;
			buildActionMask = 2147483647;
			files = (
				B886846415FCBB10009D49C1 /* main.m in Sources */,
				B886846815FCBB10009D49C1 /* AppDelegate.m in Sources */,
				B886846E15FCBB10009D49C1 /* CheckListViewController.m in Sources */,
				B87ABF4815FD20C4009B6608 /* CheckListItem.m in Sources */,
				B8F52DDB15FFCA9C0001F1DF /* DetailItemViewController.m in Sources */,
				B8E05202160737BA0049F23A /* CheckList.m in Sources */,
				B8E052051607381D0049F23A /* AllListsViewController.m in Sources */,
				B8F0F4E51607895800DE6359 /* DetailListViewController.m in Sources */,
				B8F0F4EB1607A1E100DE6359 /* DataModel.m in Sources */,
			);
			runOnlyForDeploymentPostprocessing = 0;
		};
/* End PBXSourcesBuildPhase section */

/* Begin PBXVariantGroup section */
		B886846015FCBB10009D49C1 /* InfoPlist.strings */ = {
			isa = PBXVariantGroup;
			children = (
				B886846115FCBB10009D49C1 /* en */,
			);
			name = InfoPlist.strings;
			sourceTree = "<group>";
		};
		B886846915FCBB10009D49C1 /* MainStoryboard.storyboard */ = {
			isa = PBXVariantGroup;
			children = (
				B886846A15FCBB10009D49C1 /* en */,
			);
			name = MainStoryboard.storyboard;
			sourceTree = "<group>";
		};
/* End PBXVariantGroup section */

/* Begin XCBuildConfiguration section */
		B886846F15FCBB10009D49C1 /* Debug */ = {
			isa = XCBuildConfiguration;
			buildSettings = {
				ALWAYS_SEARCH_USER_PATHS = NO;
				ARCHS = "$(ARCHS_STANDARD_32_BIT)";
				CLANG_CXX_LANGUAGE_STANDARD = "gnu++0x";
				CLANG_ENABLE_OBJC_ARC = YES;
				CLANG_WARN__DUPLICATE_METHOD_MATCH = YES;
				"CODE_SIGN_IDENTITY[sdk=iphoneos*]" = "iPhone Developer";
				COPY_PHASE_STRIP = NO;
				GCC_C_LANGUAGE_STANDARD = gnu99;
				GCC_DYNAMIC_NO_PIC = NO;
				GCC_OPTIMIZATION_LEVEL = 0;
				GCC_PREPROCESSOR_DEFINITIONS = (
					"DEBUG=1",
					"$(inherited)",
				);
				GCC_SYMBOLS_PRIVATE_EXTERN = NO;
				GCC_VERSION = com.apple.compilers.llvm.clang.1_0;
				GCC_WARN_ABOUT_RETURN_TYPE = YES;
				GCC_WARN_UNINITIALIZED_AUTOS = YES;
				GCC_WARN_UNUSED_VARIABLE = YES;
				IPHONEOS_DEPLOYMENT_TARGET = 5.1;
				SDKROOT = iphoneos;
			};
			name = Debug;
		};
		B886847015FCBB10009D49C1 /* Release */ = {
			isa = XCBuildConfiguration;
			buildSettings = {
				ALWAYS_SEARCH_USER_PATHS = NO;
				ARCHS = "$(ARCHS_STANDARD_32_BIT)";
				CLANG_CXX_LANGUAGE_STANDARD = "gnu++0x";
				CLANG_ENABLE_OBJC_ARC = YES;
				CLANG_WARN__DUPLICATE_METHOD_MATCH = YES;
				"CODE_SIGN_IDENTITY[sdk=iphoneos*]" = "iPhone Developer";
				COPY_PHASE_STRIP = YES;
				GCC_C_LANGUAGE_STANDARD = gnu99;
				GCC_VERSION = com.apple.compilers.llvm.clang.1_0;
				GCC_WARN_ABOUT_RETURN_TYPE = YES;
				GCC_WARN_UNINITIALIZED_AUTOS = YES;
				GCC_WARN_UNUSED_VARIABLE = YES;
				IPHONEOS_DEPLOYMENT_TARGET = 5.1;
				OTHER_CFLAGS = "-DNS_BLOCK_ASSERTIONS=1";
				SDKROOT = iphoneos;
				VALIDATE_PRODUCT = YES;
			};
			name = Release;
		};
		B886847215FCBB10009D49C1 /* Debug */ = {
			isa = XCBuildConfiguration;
			buildSettings = {
				GCC_PRECOMPILE_PREFIX_HEADER = YES;
				GCC_PREFIX_HEADER = "ToDo/ToDo-Prefix.pch";
				INFOPLIST_FILE = "ToDo/ToDo-Info.plist";
				PRODUCT_NAME = "$(TARGET_NAME)";
				WRAPPER_EXTENSION = app;
			};
			name = Debug;
		};
		B886847315FCBB10009D49C1 /* Release */ = {
			isa = XCBuildConfiguration;
			buildSettings = {
				GCC_PRECOMPILE_PREFIX_HEADER = YES;
				GCC_PREFIX_HEADER = "ToDo/ToDo-Prefix.pch";
				INFOPLIST_FILE = "ToDo/ToDo-Info.plist";
				PRODUCT_NAME = "$(TARGET_NAME)";
				WRAPPER_EXTENSION = app;
			};
			name = Release;
		};
/* End XCBuildConfiguration section */

/* Begin XCConfigurationList section */
		B886844D15FCBB10009D49C1 /* Build configuration list for PBXProject "ToDo" */ = {
			isa = XCConfigurationList;
			buildConfigurations = (
				B886846F15FCBB10009D49C1 /* Debug */,
				B886847015FCBB10009D49C1 /* Release */,
			);
			defaultConfigurationIsVisible = 0;
			defaultConfigurationName = Release;
		};
		B886847115FCBB10009D49C1 /* Build configuration list for PBXNativeTarget "ToDo" */ = {
			isa = XCConfigurationList;
			buildConfigurations = (
				B886847215FCBB10009D49C1 /* Debug */,
				B886847315FCBB10009D49C1 /* Release */,
			);
			defaultConfigurationIsVisible = 0;
			defaultConfigurationName = Release;
		};
/* End XCConfigurationList section */
	};
	rootObject = B886844A15FCBB10009D49C1 /* Project object */;
}
